<?xml version="1.0" encoding="utf-8"?>
<Project ToolsVersion="4.0" xmlns="http://schemas.microsoft.com/developer/msbuild/2003">
  <ItemGroup>
    <Filter Include="Source Files">
      <UniqueIdentifier>{4FC737F1-C7A5-4376-A066-2A32D752A2FF}</UniqueIdentifier>
      <Extensions>cpp;c;cc;cxx;c++;cppm;ixx;def;odl;idl;hpj;bat;asm;asmx</Extensions>
    </Filter>
    <Filter Include="Header Files">
      <UniqueIdentifier>{93995380-89BD-4b04-88EB-625FBE52EBFB}</UniqueIdentifier>
      <Extensions>h;hh;hpp;hxx;h++;hm;inl;inc;ipp;xsd</Extensions>
    </Filter>
    <Filter Include="Project Files">
      <UniqueIdentifier>{83c23eac-b304-4cf4-bc8b-105c798b7d9a}</UniqueIdentifier>
    </Filter>
  </ItemGroup>
  <ItemGroup>
    <ClInclude Include="SqlConcepts.hpp">
      <Filter>Header Files</Filter>
    </ClInclude>
    <ClInclude Include="SqlConnection.hpp">
      <Filter>Header Files</Filter>
    </ClInclude>
    <ClInclude Include="SqlError.hpp">
      <Filter>Header Files</Filter>
    </ClInclude>
    <ClInclude Include="SqlStatement.hpp">
      <Filter>Header Files</Filter>
    </ClInclude>
    <ClInclude Include="SqlTransaction.hpp">
      <Filter>Header Files</Filter>
    </ClInclude>
    <ClInclude Include="SqlConnectInfo.hpp">
      <Filter>Header Files</Filter>
    </ClInclude>
    <ClInclude Include="SqlLogger.hpp">
      <Filter>Header Files</Filter>
    </ClInclude>
    <ClInclude Include="SqlDataBinder.hpp">
      <Filter>Header Files</Filter>
    </ClInclude>
    <ClInclude Include="SqlTraits.hpp">
      <Filter>Header Files</Filter>
    </ClInclude>
    <ClInclude Include="SqlModel.hpp">
      <Filter>Header Files</Filter>
    </ClInclude>
  </ItemGroup>
  <ItemGroup>
    <ClCompile Include="SqlConnection.cpp">
      <Filter>Source Files</Filter>
    </ClCompile>
    <ClCompile Include="SqlStatement.cpp">
      <Filter>Source Files</Filter>
    </ClCompile>
    <ClCompile Include="SqlTransaction.cpp">
      <Filter>Source Files</Filter>
    </ClCompile>
    <ClCompile Include="SqlLogger.cpp">
      <Filter>Source Files</Filter>
    </ClCompile>
  </ItemGroup>
  <ItemGroup>
    <None Include=".clang-format">
      <Filter>Project Files</Filter>
    </None>
    <None Include=".clang-tidy">
      <Filter>Project Files</Filter>
    </None>
    <None Include=".editorconfig">
      <Filter>Project Files</Filter>
    </None>
    <None Include="README.md">
      <Filter>Project Files</Filter>
    </None>
  </ItemGroup>
</Project>